// !$*UTF8*$!
{
	archiveVersion = 1;
	classes = {
	};
	objectVersion = 52;
	objects = {

/* Begin PBXBuildFile section */
		FC0B36DF256D0A0600E0BF62 /* UIColor+ColorSet.swift in Sources */ = {isa = PBXBuildFile; fileRef = FC0B36DE256D0A0600E0BF62 /* UIColor+ColorSet.swift */; };
		FC0B36E5256D19E300E0BF62 /* Button.swift in Sources */ = {isa = PBXBuildFile; fileRef = FC0B36E4256D19E300E0BF62 /* Button.swift */; };
		FC0B36E9256DECCA00E0BF62 /* DynamicColor in Frameworks */ = {isa = PBXBuildFile; productRef = FC0B36E8256DECCA00E0BF62 /* DynamicColor */; };
		FC0B36EC256DF9F200E0BF62 /* WelcomePageView.swift in Sources */ = {isa = PBXBuildFile; fileRef = FC0B36EB256DF9F200E0BF62 /* WelcomePageView.swift */; };
		FC0B36F0256DFA6400E0BF62 /* SnapKit in Frameworks */ = {isa = PBXBuildFile; productRef = FC0B36EF256DFA6400E0BF62 /* SnapKit */; };
		FC431CD5256CF4360072E69A /* AppDelegate.swift in Sources */ = {isa = PBXBuildFile; fileRef = FC431CD4256CF4360072E69A /* AppDelegate.swift */; };
		FC431CD7256CF4360072E69A /* SceneDelegate.swift in Sources */ = {isa = PBXBuildFile; fileRef = FC431CD6256CF4360072E69A /* SceneDelegate.swift */; };
		FC431CD9256CF4360072E69A /* WelcomePageVC.swift in Sources */ = {isa = PBXBuildFile; fileRef = FC431CD8256CF4360072E69A /* WelcomePageVC.swift */; };
		FC431CDC256CF4360072E69A /* TaiwanComic.xcdatamodeld in Sources */ = {isa = PBXBuildFile; fileRef = FC431CDA256CF4360072E69A /* TaiwanComic.xcdatamodeld */; };
		FC431CDE256CF43B0072E69A /* Assets.xcassets in Resources */ = {isa = PBXBuildFile; fileRef = FC431CDD256CF43B0072E69A /* Assets.xcassets */; };
		FC431CE1256CF43B0072E69A /* Preview Assets.xcassets in Resources */ = {isa = PBXBuildFile; fileRef = FC431CE0256CF43B0072E69A /* Preview Assets.xcassets */; };
		FC431CE4256CF43B0072E69A /* LaunchScreen.storyboard in Resources */ = {isa = PBXBuildFile; fileRef = FC431CE2256CF43B0072E69A /* LaunchScreen.storyboard */; };
/* End PBXBuildFile section */

/* Begin PBXFileReference section */
		FC0B36DE256D0A0600E0BF62 /* UIColor+ColorSet.swift */ = {isa = PBXFileReference; lastKnownFileType = sourcecode.swift; path = "UIColor+ColorSet.swift"; sourceTree = "<group>"; };
		FC0B36E4256D19E300E0BF62 /* Button.swift */ = {isa = PBXFileReference; lastKnownFileType = sourcecode.swift; path = Button.swift; sourceTree = "<group>"; };
		FC0B36EB256DF9F200E0BF62 /* WelcomePageView.swift */ = {isa = PBXFileReference; lastKnownFileType = sourcecode.swift; path = WelcomePageView.swift; sourceTree = "<group>"; };
		FC431CD1256CF4360072E69A /* TaiwanComic.app */ = {isa = PBXFileReference; explicitFileType = wrapper.application; includeInIndex = 0; path = TaiwanComic.app; sourceTree = BUILT_PRODUCTS_DIR; };
		FC431CD4256CF4360072E69A /* AppDelegate.swift */ = {isa = PBXFileReference; lastKnownFileType = sourcecode.swift; path = AppDelegate.swift; sourceTree = "<group>"; };
		FC431CD6256CF4360072E69A /* SceneDelegate.swift */ = {isa = PBXFileReference; lastKnownFileType = sourcecode.swift; path = SceneDelegate.swift; sourceTree = "<group>"; };
		FC431CD8256CF4360072E69A /* WelcomePageVC.swift */ = {isa = PBXFileReference; lastKnownFileType = sourcecode.swift; path = WelcomePageVC.swift; sourceTree = "<group>"; };
		FC431CDB256CF4360072E69A /* TaiwanComic.xcdatamodel */ = {isa = PBXFileReference; lastKnownFileType = wrapper.xcdatamodel; path = TaiwanComic.xcdatamodel; sourceTree = "<group>"; };
		FC431CDD256CF43B0072E69A /* Assets.xcassets */ = {isa = PBXFileReference; lastKnownFileType = folder.assetcatalog; path = Assets.xcassets; sourceTree = "<group>"; };
		FC431CE0256CF43B0072E69A /* Preview Assets.xcassets */ = {isa = PBXFileReference; lastKnownFileType = folder.assetcatalog; path = "Preview Assets.xcassets"; sourceTree = "<group>"; };
		FC431CE3256CF43B0072E69A /* Base */ = {isa = PBXFileReference; lastKnownFileType = file.storyboard; name = Base; path = Base.lproj/LaunchScreen.storyboard; sourceTree = "<group>"; };
		FC431CE5256CF43B0072E69A /* Info.plist */ = {isa = PBXFileReference; lastKnownFileType = text.plist.xml; path = Info.plist; sourceTree = "<group>"; };
/* End PBXFileReference section */

/* Begin PBXFrameworksBuildPhase section */
		FC431CCE256CF4360072E69A /* Frameworks */ = {
			isa = PBXFrameworksBuildPhase;
			buildActionMask = 2147483647;
			files = (
				FC0B36E9256DECCA00E0BF62 /* DynamicColor in Frameworks */,
				FC0B36F0256DFA6400E0BF62 /* SnapKit in Frameworks */,
			);
			runOnlyForDeploymentPostprocessing = 0;
		};
/* End PBXFrameworksBuildPhase section */

/* Begin PBXGroup section */
		FC0B36DD256D09C200E0BF62 /* Extension  */ = {
			isa = PBXGroup;
			children = (
				FC0B36DE256D0A0600E0BF62 /* UIColor+ColorSet.swift */,
			);
			path = "Extension ";
			sourceTree = "<group>";
		};
		FC0B36E3256D189E00E0BF62 /* View */ = {
			isa = PBXGroup;
			children = (
				FC0B36E4256D19E300E0BF62 /* Button.swift */,
				FC0B36EB256DF9F200E0BF62 /* WelcomePageView.swift */,
			);
			path = View;
			sourceTree = "<group>";
		};
		FC431CC8256CF4360072E69A = {
			isa = PBXGroup;
			children = (
				FC431CD3256CF4360072E69A /* TaiwanComic */,
				FC431CD2256CF4360072E69A /* Products */,
			);
			sourceTree = "<group>";
		};
		FC431CD2256CF4360072E69A /* Products */ = {
			isa = PBXGroup;
			children = (
				FC431CD1256CF4360072E69A /* TaiwanComic.app */,
			);
			name = Products;
			sourceTree = "<group>";
		};
		FC431CD3256CF4360072E69A /* TaiwanComic */ = {
			isa = PBXGroup;
			children = (
				FC431CD4256CF4360072E69A /* AppDelegate.swift */,
				FC431CD6256CF4360072E69A /* SceneDelegate.swift */,
				FC431CD8256CF4360072E69A /* WelcomePageVC.swift */,
				FC431CDD256CF43B0072E69A /* Assets.xcassets */,
				FC0B36E3256D189E00E0BF62 /* View */,
				FC0B36DD256D09C200E0BF62 /* Extension  */,
				FC431CE2256CF43B0072E69A /* LaunchScreen.storyboard */,
				FC431CE5256CF43B0072E69A /* Info.plist */,
				FC431CDA256CF4360072E69A /* TaiwanComic.xcdatamodeld */,
				FC431CDF256CF43B0072E69A /* Preview Content */,
			);
			path = TaiwanComic;
			sourceTree = "<group>";
		};
		FC431CDF256CF43B0072E69A /* Preview Content */ = {
			isa = PBXGroup;
			children = (
				FC431CE0256CF43B0072E69A /* Preview Assets.xcassets */,
			);
			path = "Preview Content";
			sourceTree = "<group>";
		};
/* End PBXGroup section */

/* Begin PBXNativeTarget section */
		FC431CD0256CF4360072E69A /* TaiwanComic */ = {
			isa = PBXNativeTarget;
			buildConfigurationList = FC431CE8256CF43B0072E69A /* Build configuration list for PBXNativeTarget "TaiwanComic" */;
			buildPhases = (
				FC431CCD256CF4360072E69A /* Sources */,
				FC431CCE256CF4360072E69A /* Frameworks */,
				FC431CCF256CF4360072E69A /* Resources */,
				FC0B36DB256CF52900E0BF62 /* ShellScript */,
			);
			buildRules = (
			);
			dependencies = (
			);
			name = TaiwanComic;
			packageProductDependencies = (
				FC0B36E8256DECCA00E0BF62 /* DynamicColor */,
				FC0B36EF256DFA6400E0BF62 /* SnapKit */,
			);
			productName = TaiwanComic;
			productReference = FC431CD1256CF4360072E69A /* TaiwanComic.app */;
			productType = "com.apple.product-type.application";
		};
/* End PBXNativeTarget section */

/* Begin PBXProject section */
		FC431CC9256CF4360072E69A /* Project object */ = {
			isa = PBXProject;
			attributes = {
				LastSwiftUpdateCheck = 1220;
				LastUpgradeCheck = 1220;
				TargetAttributes = {
					FC431CD0256CF4360072E69A = {
						CreatedOnToolsVersion = 12.2;
					};
				};
			};
			buildConfigurationList = FC431CCC256CF4360072E69A /* Build configuration list for PBXProject "TaiwanComic" */;
			compatibilityVersion = "Xcode 9.3";
			developmentRegion = en;
			hasScannedForEncodings = 0;
			knownRegions = (
				en,
				Base,
			);
			mainGroup = FC431CC8256CF4360072E69A;
			packageReferences = (
				FC0B36E7256DECCA00E0BF62 /* XCRemoteSwiftPackageReference "DynamicColor" */,
				FC0B36EE256DFA6400E0BF62 /* XCRemoteSwiftPackageReference "SnapKit" */,
			);
			productRefGroup = FC431CD2256CF4360072E69A /* Products */;
			projectDirPath = "";
			projectRoot = "";
			targets = (
				FC431CD0256CF4360072E69A /* TaiwanComic */,
			);
		};
/* End PBXProject section */

/* Begin PBXResourcesBuildPhase section */
		FC431CCF256CF4360072E69A /* Resources */ = {
			isa = PBXResourcesBuildPhase;
			buildActionMask = 2147483647;
			files = (
				FC431CE4256CF43B0072E69A /* LaunchScreen.storyboard in Resources */,
				FC431CE1256CF43B0072E69A /* Preview Assets.xcassets in Resources */,
				FC431CDE256CF43B0072E69A /* Assets.xcassets in Resources */,
			);
			runOnlyForDeploymentPostprocessing = 0;
		};
/* End PBXResourcesBuildPhase section */

/* Begin PBXShellScriptBuildPhase section */
		FC0B36DB256CF52900E0BF62 /* ShellScript */ = {
			isa = PBXShellScriptBuildPhase;
			buildActionMask = 2147483647;
			files = (
			);
			inputFileListPaths = (
			);
			inputPaths = (
			);
			outputFileListPaths = (
			);
			outputPaths = (
			);
			runOnlyForDeploymentPostprocessing = 0;
			shellPath = /bin/sh;
			shellScript = "# Type a script or drag a script file from your workspace to insert its path.\nif which swiftformat >/dev/null; then\nswiftformat .\nelse\necho \"warning: SwiftFormat not installed.\"\nfi\n";
		};
/* End PBXShellScriptBuildPhase section */

/* Begin PBXSourcesBuildPhase section */
		FC431CCD256CF4360072E69A /* Sources */ = {
			isa = PBXSourcesBuildPhase;
			buildActionMask = 2147483647;
			files = (
				FC431CD5256CF4360072E69A /* AppDelegate.swift in Sources */,
				FC0B36E5256D19E300E0BF62 /* Button.swift in Sources */,
				FC431CD7256CF4360072E69A /* SceneDelegate.swift in Sources */,
				FC431CD9256CF4360072E69A /* WelcomePageVC.swift in Sources */,
				FC0B36DF256D0A0600E0BF62 /* UIColor+ColorSet.swift in Sources */,
				FC0B36EC256DF9F200E0BF62 /* WelcomePageView.swift in Sources */,
				FC431CDC256CF4360072E69A /* TaiwanComic.xcdatamodeld in Sources */,
			);
			runOnlyForDeploymentPostprocessing = 0;
		};
/* End PBXSourcesBuildPhase section */

/* Begin PBXVariantGroup section */
		FC431CE2256CF43B0072E69A /* LaunchScreen.storyboard */ = {
			isa = PBXVariantGroup;
			children = (
				FC431CE3256CF43B0072E69A /* Base */,
			);
			name = LaunchScreen.storyboard;
			sourceTree = "<group>";
		};
/* End PBXVariantGroup section */

/* Begin XCBuildConfiguration section */
		FC431CE6256CF43B0072E69A /* Debug */ = {
			isa = XCBuildConfiguration;
			buildSettings = {
				ALWAYS_SEARCH_USER_PATHS = NO;
				CLANG_ANALYZER_NONNULL = YES;
				CLANG_ANALYZER_NUMBER_OBJECT_CONVERSION = YES_AGGRESSIVE;
				CLANG_CXX_LANGUAGE_STANDARD = "gnu++14";
				CLANG_CXX_LIBRARY = "libc++";
				CLANG_ENABLE_MODULES = YES;
				CLANG_ENABLE_OBJC_ARC = YES;
				CLANG_ENABLE_OBJC_WEAK = YES;
				CLANG_WARN_BLOCK_CAPTURE_AUTORELEASING = YES;
				CLANG_WARN_BOOL_CONVERSION = YES;
				CLANG_WARN_COMMA = YES;
				CLANG_WARN_CONSTANT_CONVERSION = YES;
				CLANG_WARN_DEPRECATED_OBJC_IMPLEMENTATIONS = YES;
				CLANG_WARN_DIRECT_OBJC_ISA_USAGE = YES_ERROR;
				CLANG_WARN_DOCUMENTATION_COMMENTS = YES;
				CLANG_WARN_EMPTY_BODY = YES;
				CLANG_WARN_ENUM_CONVERSION = YES;
				CLANG_WARN_INFINITE_RECURSION = YES;
				CLANG_WARN_INT_CONVERSION = YES;
				CLANG_WARN_NON_LITERAL_NULL_CONVERSION = YES;
				CLANG_WARN_OBJC_IMPLICIT_RETAIN_SELF = YES;
				CLANG_WARN_OBJC_LITERAL_CONVERSION = YES;
				CLANG_WARN_OBJC_ROOT_CLASS = YES_ERROR;
				CLANG_WARN_QUOTED_INCLUDE_IN_FRAMEWORK_HEADER = YES;
				CLANG_WARN_RANGE_LOOP_ANALYSIS = YES;
				CLANG_WARN_STRICT_PROTOTYPES = YES;
				CLANG_WARN_SUSPICIOUS_MOVE = YES;
				CLANG_WARN_UNGUARDED_AVAILABILITY = YES_AGGRESSIVE;
				CLANG_WARN_UNREACHABLE_CODE = YES;
				CLANG_WARN__DUPLICATE_METHOD_MATCH = YES;
				COPY_PHASE_STRIP = NO;
				DEBUG_INFORMATION_FORMAT = dwarf;
				ENABLE_STRICT_OBJC_MSGSEND = YES;
				ENABLE_TESTABILITY = YES;
				GCC_C_LANGUAGE_STANDARD = gnu11;
				GCC_DYNAMIC_NO_PIC = NO;
				GCC_NO_COMMON_BLOCKS = YES;
				GCC_OPTIMIZATION_LEVEL = 0;
				GCC_PREPROCESSOR_DEFINITIONS = (
					"DEBUG=1",
					"$(inherited)",
				);
				GCC_WARN_64_TO_32_BIT_CONVERSION = YES;
				GCC_WARN_ABOUT_RETURN_TYPE = YES_ERROR;
				GCC_WARN_UNDECLARED_SELECTOR = YES;
				GCC_WARN_UNINITIALIZED_AUTOS = YES_AGGRESSIVE;
				GCC_WARN_UNUSED_FUNCTION = YES;
				GCC_WARN_UNUSED_VARIABLE = YES;
				IPHONEOS_DEPLOYMENT_TARGET = 14.2;
				MTL_ENABLE_DEBUG_INFO = INCLUDE_SOURCE;
				MTL_FAST_MATH = YES;
				ONLY_ACTIVE_ARCH = YES;
				SDKROOT = iphoneos;
				SWIFT_ACTIVE_COMPILATION_CONDITIONS = DEBUG;
				SWIFT_OPTIMIZATION_LEVEL = "-Onone";
			};
			name = Debug;
		};
		FC431CE7256CF43B0072E69A /* Release */ = {
			isa = XCBuildConfiguration;
			buildSettings = {
				ALWAYS_SEARCH_USER_PATHS = NO;
				CLANG_ANALYZER_NONNULL = YES;
				CLANG_ANALYZER_NUMBER_OBJECT_CONVERSION = YES_AGGRESSIVE;
				CLANG_CXX_LANGUAGE_STANDARD = "gnu++14";
				CLANG_CXX_LIBRARY = "libc++";
				CLANG_ENABLE_MODULES = YES;
				CLANG_ENABLE_OBJC_ARC = YES;
				CLANG_ENABLE_OBJC_WEAK = YES;
				CLANG_WARN_BLOCK_CAPTURE_AUTORELEASING = YES;
				CLANG_WARN_BOOL_CONVERSION = YES;
				CLANG_WARN_COMMA = YES;
				CLANG_WARN_CONSTANT_CONVERSION = YES;
				CLANG_WARN_DEPRECATED_OBJC_IMPLEMENTATIONS = YES;
				CLANG_WARN_DIRECT_OBJC_ISA_USAGE = YES_ERROR;
				CLANG_WARN_DOCUMENTATION_COMMENTS = YES;
				CLANG_WARN_EMPTY_BODY = YES;
				CLANG_WARN_ENUM_CONVERSION = YES;
				CLANG_WARN_INFINITE_RECURSION = YES;
				CLANG_WARN_INT_CONVERSION = YES;
				CLANG_WARN_NON_LITERAL_NULL_CONVERSION = YES;
				CLANG_WARN_OBJC_IMPLICIT_RETAIN_SELF = YES;
				CLANG_WARN_OBJC_LITERAL_CONVERSION = YES;
				CLANG_WARN_OBJC_ROOT_CLASS = YES_ERROR;
				CLANG_WARN_QUOTED_INCLUDE_IN_FRAMEWORK_HEADER = YES;
				CLANG_WARN_RANGE_LOOP_ANALYSIS = YES;
				CLANG_WARN_STRICT_PROTOTYPES = YES;
				CLANG_WARN_SUSPICIOUS_MOVE = YES;
				CLANG_WARN_UNGUARDED_AVAILABILITY = YES_AGGRESSIVE;
				CLANG_WARN_UNREACHABLE_CODE = YES;
				CLANG_WARN__DUPLICATE_METHOD_MATCH = YES;
				COPY_PHASE_STRIP = NO;
				DEBUG_INFORMATION_FORMAT = "dwarf-with-dsym";
				ENABLE_NS_ASSERTIONS = NO;
				ENABLE_STRICT_OBJC_MSGSEND = YES;
				GCC_C_LANGUAGE_STANDARD = gnu11;
				GCC_NO_COMMON_BLOCKS = YES;
				GCC_WARN_64_TO_32_BIT_CONVERSION = YES;
				GCC_WARN_ABOUT_RETURN_TYPE = YES_ERROR;
				GCC_WARN_UNDECLARED_SELECTOR = YES;
				GCC_WARN_UNINITIALIZED_AUTOS = YES_AGGRESSIVE;
				GCC_WARN_UNUSED_FUNCTION = YES;
				GCC_WARN_UNUSED_VARIABLE = YES;
				IPHONEOS_DEPLOYMENT_TARGET = 14.2;
				MTL_ENABLE_DEBUG_INFO = NO;
				MTL_FAST_MATH = YES;
				SDKROOT = iphoneos;
				SWIFT_COMPILATION_MODE = wholemodule;
				SWIFT_OPTIMIZATION_LEVEL = "-O";
				VALIDATE_PRODUCT = YES;
			};
			name = Release;
		};
		FC431CE9256CF43B0072E69A /* Debug */ = {
			isa = XCBuildConfiguration;
			buildSettings = {
				ASSETCATALOG_COMPILER_APPICON_NAME = AppIcon;
				ASSETCATALOG_COMPILER_GLOBAL_ACCENT_COLOR_NAME = AccentColor;
				CODE_SIGN_STYLE = Automatic;
				DEVELOPMENT_ASSET_PATHS = "\"TaiwanComic/Preview Content\"";
				DEVELOPMENT_TEAM = VH4XC348YR;
				ENABLE_PREVIEWS = YES;
				INFOPLIST_FILE = TaiwanComic/Info.plist;
				LD_RUNPATH_SEARCH_PATHS = (
					"$(inherited)",
					"@executable_path/Frameworks",
				);
				PRODUCT_BUNDLE_IDENTIFIER = com.TaiwanComic;
				PRODUCT_NAME = "$(TARGET_NAME)";
				SWIFT_VERSION = 5.0;
				TARGETED_DEVICE_FAMILY = "1,2";
			};
			name = Debug;
		};
		FC431CEA256CF43B0072E69A /* Release */ = {
			isa = XCBuildConfiguration;
			buildSettings = {
				ASSETCATALOG_COMPILER_APPICON_NAME = AppIcon;
				ASSETCATALOG_COMPILER_GLOBAL_ACCENT_COLOR_NAME = AccentColor;
				CODE_SIGN_STYLE = Automatic;
				DEVELOPMENT_ASSET_PATHS = "\"TaiwanComic/Preview Content\"";
				DEVELOPMENT_TEAM = VH4XC348YR;
				ENABLE_PREVIEWS = YES;
				INFOPLIST_FILE = TaiwanComic/Info.plist;
				LD_RUNPATH_SEARCH_PATHS = (
					"$(inherited)",
					"@executable_path/Frameworks",
				);
				PRODUCT_BUNDLE_IDENTIFIER = com.TaiwanComic;
				PRODUCT_NAME = "$(TARGET_NAME)";
				SWIFT_VERSION = 5.0;
				TARGETED_DEVICE_FAMILY = "1,2";
			};
			name = Release;
		};
/* End XCBuildConfiguration section */

/* Begin XCConfigurationList section */
		FC431CCC256CF4360072E69A /* Build configuration list for PBXProject "TaiwanComic" */ = {
			isa = XCConfigurationList;
			buildConfigurations = (
				FC431CE6256CF43B0072E69A /* Debug */,
				FC431CE7256CF43B0072E69A /* Release */,
			);
			defaultConfigurationIsVisible = 0;
			defaultConfigurationName = Release;
		};
		FC431CE8256CF43B0072E69A /* Build configuration list for PBXNativeTarget "TaiwanComic" */ = {
			isa = XCConfigurationList;
			buildConfigurations = (
				FC431CE9256CF43B0072E69A /* Debug */,
				FC431CEA256CF43B0072E69A /* Release */,
			);
			defaultConfigurationIsVisible = 0;
			defaultConfigurationName = Release;
		};
/* End XCConfigurationList section */

/* Begin XCRemoteSwiftPackageReference section */
		FC0B36E7256DECCA00E0BF62 /* XCRemoteSwiftPackageReference "DynamicColor" */ = {
			isa = XCRemoteSwiftPackageReference;
			repositoryURL = "https://github.com/yannickl/DynamicColor.git";
			requirement = {
				kind = upToNextMajorVersion;
				minimumVersion = 5.0.1;
			};
		};
		FC0B36EE256DFA6400E0BF62 /* XCRemoteSwiftPackageReference "SnapKit" */ = {
			isa = XCRemoteSwiftPackageReference;
			repositoryURL = "https://github.com/SnapKit/SnapKit.git";
			requirement = {
				kind = upToNextMajorVersion;
				minimumVersion = 5.0.1;
			};
		};
/* End XCRemoteSwiftPackageReference section */

/* Begin XCSwiftPackageProductDependency section */
		FC0B36E8256DECCA00E0BF62 /* DynamicColor */ = {
			isa = XCSwiftPackageProductDependency;
			package = FC0B36E7256DECCA00E0BF62 /* XCRemoteSwiftPackageReference "DynamicColor" */;
			productName = DynamicColor;
		};
		FC0B36EF256DFA6400E0BF62 /* SnapKit */ = {
			isa = XCSwiftPackageProductDependency;
			package = FC0B36EE256DFA6400E0BF62 /* XCRemoteSwiftPackageReference "SnapKit" */;
			productName = SnapKit;
		};
/* End XCSwiftPackageProductDependency section */

/* Begin XCVersionGroup section */
		FC431CDA256CF4360072E69A /* TaiwanComic.xcdatamodeld */ = {
			isa = XCVersionGroup;
			children = (
				FC431CDB256CF4360072E69A /* TaiwanComic.xcdatamodel */,
			);
			currentVersion = FC431CDB256CF4360072E69A /* TaiwanComic.xcdatamodel */;
			path = TaiwanComic.xcdatamodeld;
			sourceTree = "<group>";
			versionGroupType = wrapper.xcdatamodel;
		};
/* End XCVersionGroup section */
	};
	rootObject = FC431CC9256CF4360072E69A /* Project object */;
}
